// !$*UTF8*$!
{
	archiveVersion = 1;
	classes = {
	};
	objectVersion = 77;
	objects = {

/* Begin PBXBuildFile section */
		B6068C312F1A049600FE0A15 /* ZIPFoundation in Frameworks */ = {isa = PBXBuildFile; productRef = B6068C302F1A049600FE0A15 /* ZIPFoundation */; };
		B6256B7A2F2321B700BD717A /* SafariView.swift in Sources */ = {isa = PBXBuildFile; fileRef = B6256B792F2321B700BD717A /* SafariView.swift */; };
		B66A07142F23E2BC00075D6A /* LaunchScreen.storyboard in Resources */ = {isa = PBXBuildFile; fileRef = B66A07132F23E2BC00075D6A /* LaunchScreen.storyboard */; };
		B7A000000000000000000001 /* SmallBizWorkspaceTests.swift in Sources */ = {isa = PBXBuildFile; fileRef = B7A000000000000000000002 /* SmallBizWorkspaceTests.swift */; };
		B7A00000000000000000000E /* XCTest.framework in Frameworks */ = {isa = PBXBuildFile; fileRef = B7A00000000000000000000F /* XCTest.framework */; };
		B7A000000000000000000012 /* RoutingAcceptanceTests.swift in Sources */ = {isa = PBXBuildFile; fileRef = B7A000000000000000000013 /* RoutingAcceptanceTests.swift */; };
/* End PBXBuildFile section */

/* Begin PBXContainerItemProxy section */
		B7A00000000000000000000D /* PBXContainerItemProxy */ = {
			isa = PBXContainerItemProxy;
			containerPortal = B6FAA4662F14423E0063A7CD /* Project object */;
			proxyType = 1;
			remoteGlobalIDString = B6FAA46D2F14423E0063A7CD;
			remoteInfo = "SmallBiz Workspace";
		};
/* End PBXContainerItemProxy section */

/* Begin PBXFileReference section */
		B6256B792F2321B700BD717A /* SafariView.swift */ = {isa = PBXFileReference; lastKnownFileType = sourcecode.swift; path = SafariView.swift; sourceTree = "<group>"; };
		B66A07132F23E2BC00075D6A /* LaunchScreen.storyboard */ = {isa = PBXFileReference; lastKnownFileType = file.storyboard; path = LaunchScreen.storyboard; sourceTree = "<group>"; };
		B6FAA46E2F14423E0063A7CD /* SmallBizWorkspace.app */ = {isa = PBXFileReference; explicitFileType = wrapper.application; includeInIndex = 0; path = SmallBizWorkspace.app; sourceTree = BUILT_PRODUCTS_DIR; };
		B7A000000000000000000002 /* SmallBizWorkspaceTests.swift */ = {isa = PBXFileReference; lastKnownFileType = sourcecode.swift; path = SmallBizWorkspaceTests.swift; sourceTree = "<group>"; };
		B7A000000000000000000004 /* SmallBizWorkspaceTests.xctest */ = {isa = PBXFileReference; explicitFileType = wrapper.cfbundle; includeInIndex = 0; path = SmallBizWorkspaceTests.xctest; sourceTree = BUILT_PRODUCTS_DIR; };
		B7A00000000000000000000F /* XCTest.framework */ = {isa = PBXFileReference; lastKnownFileType = wrapper.framework; name = XCTest.framework; path = System/Library/Frameworks/XCTest.framework; sourceTree = SDKROOT; };
		B7A000000000000000000013 /* RoutingAcceptanceTests.swift */ = {isa = PBXFileReference; lastKnownFileType = sourcecode.swift; path = RoutingAcceptanceTests.swift; sourceTree = "<group>"; };
/* End PBXFileReference section */

/* Begin PBXFileSystemSynchronizedRootGroup section */
		B6FAA4702F14423E0063A7CD /* SmallBiz Workspace */ = {
			isa = PBXFileSystemSynchronizedRootGroup;
			path = "SmallBiz Workspace";
			sourceTree = "<group>";
		};
/* End PBXFileSystemSynchronizedRootGroup section */

/* Begin PBXFrameworksBuildPhase section */
		B6FAA46B2F14423E0063A7CD /* Frameworks */ = {
			isa = PBXFrameworksBuildPhase;
			buildActionMask = 2147483647;
			files = (
				B6068C312F1A049600FE0A15 /* ZIPFoundation in Frameworks */,
			);
			runOnlyForDeploymentPostprocessing = 0;
		};
		B7A000000000000000000007 /* Frameworks */ = {
			isa = PBXFrameworksBuildPhase;
			buildActionMask = 2147483647;
			files = (
				B7A00000000000000000000E /* XCTest.framework in Frameworks */,
			);
			runOnlyForDeploymentPostprocessing = 0;
		};
/* End PBXFrameworksBuildPhase section */

/* Begin PBXGroup section */
		B6FAA4652F14423E0063A7CD = {
			isa = PBXGroup;
			children = (
				B66A07132F23E2BC00075D6A /* LaunchScreen.storyboard */,
				B6256B792F2321B700BD717A /* SafariView.swift */,
				B6FAA4702F14423E0063A7CD /* SmallBiz Workspace */,
				B7A000000000000000000003 /* SmallBizWorkspaceTests */,
				B7A000000000000000000010 /* Frameworks */,
				B6FAA46F2F14423E0063A7CD /* Products */,
			);
			sourceTree = "<group>";
		};
		B6FAA46F2F14423E0063A7CD /* Products */ = {
			isa = PBXGroup;
			children = (
				B6FAA46E2F14423E0063A7CD /* SmallBizWorkspace.app */,
				B7A000000000000000000004 /* SmallBizWorkspaceTests.xctest */,
			);
			name = Products;
			sourceTree = "<group>";
		};
		B7A000000000000000000003 /* SmallBizWorkspaceTests */ = {
			isa = PBXGroup;
			children = (
				B7A000000000000000000013 /* RoutingAcceptanceTests.swift */,
				B7A000000000000000000002 /* SmallBizWorkspaceTests.swift */,
			);
			path = SmallBizWorkspaceTests;
			sourceTree = "<group>";
		};
		B7A000000000000000000010 /* Frameworks */ = {
			isa = PBXGroup;
			children = (
				B7A00000000000000000000F /* XCTest.framework */,
			);
			name = Frameworks;
			sourceTree = "<group>";
		};
/* End PBXGroup section */

/* Begin PBXNativeTarget section */
		B6FAA46D2F14423E0063A7CD /* SmallBiz Workspace */ = {
			isa = PBXNativeTarget;
			buildConfigurationList = B6FAA47B2F14423F0063A7CD /* Build configuration list for PBXNativeTarget "SmallBiz Workspace" */;
			buildPhases = (
				B6FAA46A2F14423E0063A7CD /* Sources */,
				B6FAA46B2F14423E0063A7CD /* Frameworks */,
				B6FAA46C2F14423E0063A7CD /* Resources */,
			);
			buildRules = (
			);
			dependencies = (
			);
			fileSystemSynchronizedGroups = (
				B6FAA4702F14423E0063A7CD /* SmallBiz Workspace */,
			);
			name = "SmallBiz Workspace";
			packageProductDependencies = (
				B6068C302F1A049600FE0A15 /* ZIPFoundation */,
			);
			productName = SimpleInvoice;
			productReference = B6FAA46E2F14423E0063A7CD /* SmallBizWorkspace.app */;
			productType = "com.apple.product-type.application";
		};
		B7A000000000000000000008 /* SmallBizWorkspaceTests */ = {
			isa = PBXNativeTarget;
			buildConfigurationList = B7A000000000000000000009 /* Build configuration list for PBXNativeTarget "SmallBizWorkspaceTests" */;
			buildPhases = (
				B7A000000000000000000006 /* Sources */,
				B7A000000000000000000007 /* Frameworks */,
				B7A000000000000000000011 /* Resources */,
			);
			buildRules = (
			);
			dependencies = (
				B7A00000000000000000000C /* PBXTargetDependency */,
			);
			name = SmallBizWorkspaceTests;
			productName = SmallBizWorkspaceTests;
			productReference = B7A000000000000000000004 /* SmallBizWorkspaceTests.xctest */;
			productType = "com.apple.product-type.bundle.unit-test";
		};
/* End PBXNativeTarget section */

/* Begin PBXProject section */
		B6FAA4662F14423E0063A7CD /* Project object */ = {
			isa = PBXProject;
			attributes = {
				BuildIndependentTargetsInParallel = 1;
				LastSwiftUpdateCheck = 2620;
				LastUpgradeCheck = 2620;
				TargetAttributes = {
					B6FAA46D2F14423E0063A7CD = {
						CreatedOnToolsVersion = 26.2;
					};
					B7A000000000000000000008 = {
						CreatedOnToolsVersion = 26.2;
						TestTargetID = B6FAA46D2F14423E0063A7CD;
					};
				};
			};
			buildConfigurationList = B6FAA4692F14423E0063A7CD /* Build configuration list for PBXProject "SmallBizWorkspace" */;
			developmentRegion = en;
			hasScannedForEncodings = 0;
			knownRegions = (
				en,
				Base,
			);
			mainGroup = B6FAA4652F14423E0063A7CD;
			minimizedProjectReferenceProxies = 1;
			packageReferences = (
				B6068C2F2F1A049600FE0A15 /* XCRemoteSwiftPackageReference "ZIPFoundation" */,
			);
			preferredProjectObjectVersion = 77;
			productRefGroup = B6FAA46F2F14423E0063A7CD /* Products */;
			projectDirPath = "";
			projectRoot = "";
			targets = (
				B6FAA46D2F14423E0063A7CD /* SmallBiz Workspace */,
				B7A000000000000000000008 /* SmallBizWorkspaceTests */,
			);
		};
/* End PBXProject section */

/* Begin PBXResourcesBuildPhase section */
		B6FAA46C2F14423E0063A7CD /* Resources */ = {
			isa = PBXResourcesBuildPhase;
			buildActionMask = 2147483647;
			files = (
				B66A07142F23E2BC00075D6A /* LaunchScreen.storyboard in Resources */,
			);
			runOnlyForDeploymentPostprocessing = 0;
		};
		B7A000000000000000000011 /* Resources */ = {
			isa = PBXResourcesBuildPhase;
			buildActionMask = 2147483647;
			files = (
			);
			runOnlyForDeploymentPostprocessing = 0;
		};
/* End PBXResourcesBuildPhase section */

/* Begin PBXSourcesBuildPhase section */
		B6FAA46A2F14423E0063A7CD /* Sources */ = {
			isa = PBXSourcesBuildPhase;
			buildActionMask = 2147483647;
			files = (
				B6256B7A2F2321B700BD717A /* SafariView.swift in Sources */,
			);
			runOnlyForDeploymentPostprocessing = 0;
		};
		B7A000000000000000000006 /* Sources */ = {
			isa = PBXSourcesBuildPhase;
			buildActionMask = 2147483647;
			files = (
				B7A000000000000000000012 /* RoutingAcceptanceTests.swift in Sources */,
				B7A000000000000000000001 /* SmallBizWorkspaceTests.swift in Sources */,
			);
			runOnlyForDeploymentPostprocessing = 0;
		};
/* End PBXSourcesBuildPhase section */

/* Begin PBXTargetDependency section */
		B7A00000000000000000000C /* PBXTargetDependency */ = {
			isa = PBXTargetDependency;
			target = B6FAA46D2F14423E0063A7CD /* SmallBiz Workspace */;
			targetProxy = B7A00000000000000000000D /* PBXContainerItemProxy */;
		};
/* End PBXTargetDependency section */

/* Begin XCBuildConfiguration section */
		B6FAA4792F14423F0063A7CD /* Debug */ = {
			isa = XCBuildConfiguration;
			buildSettings = {
				ALWAYS_SEARCH_USER_PATHS = NO;
				ASSETCATALOG_COMPILER_GENERATE_SWIFT_ASSET_SYMBOL_EXTENSIONS = YES;
				CLANG_ANALYZER_NONNULL = YES;
				CLANG_ANALYZER_NUMBER_OBJECT_CONVERSION = YES_AGGRESSIVE;
				CLANG_CXX_LANGUAGE_STANDARD = "gnu++20";
				CLANG_ENABLE_MODULES = YES;
				CLANG_ENABLE_OBJC_ARC = YES;
				CLANG_ENABLE_OBJC_WEAK = YES;
				CLANG_WARN_BLOCK_CAPTURE_AUTORELEASING = YES;
				CLANG_WARN_BOOL_CONVERSION = YES;
				CLANG_WARN_COMMA = YES;
				CLANG_WARN_CONSTANT_CONVERSION = YES;
				CLANG_WARN_DEPRECATED_OBJC_IMPLEMENTATIONS = YES;
				CLANG_WARN_DIRECT_OBJC_ISA_USAGE = YES_ERROR;
				CLANG_WARN_DOCUMENTATION_COMMENTS = YES;
				CLANG_WARN_EMPTY_BODY = YES;
				CLANG_WARN_ENUM_CONVERSION = YES;
				CLANG_WARN_INFINITE_RECURSION = YES;
				CLANG_WARN_INT_CONVERSION = YES;
				CLANG_WARN_NON_LITERAL_NULL_CONVERSION = YES;
				CLANG_WARN_OBJC_IMPLICIT_RETAIN_SELF = YES;
				CLANG_WARN_OBJC_LITERAL_CONVERSION = YES;
				CLANG_WARN_OBJC_ROOT_CLASS = YES_ERROR;
				CLANG_WARN_QUOTED_INCLUDE_IN_FRAMEWORK_HEADER = YES;
				CLANG_WARN_RANGE_LOOP_ANALYSIS = YES;
				CLANG_WARN_STRICT_PROTOTYPES = YES;
				CLANG_WARN_SUSPICIOUS_MOVE = YES;
				CLANG_WARN_UNGUARDED_AVAILABILITY = YES_AGGRESSIVE;
				CLANG_WARN_UNREACHABLE_CODE = YES;
				CLANG_WARN__DUPLICATE_METHOD_MATCH = YES;
				COPY_PHASE_STRIP = NO;
				DEBUG_INFORMATION_FORMAT = dwarf;
				ENABLE_STRICT_OBJC_MSGSEND = YES;
				ENABLE_TESTABILITY = YES;
				ENABLE_USER_SCRIPT_SANDBOXING = YES;
				GCC_C_LANGUAGE_STANDARD = gnu17;
				GCC_DYNAMIC_NO_PIC = NO;
				GCC_NO_COMMON_BLOCKS = YES;
				GCC_OPTIMIZATION_LEVEL = 0;
				GCC_PREPROCESSOR_DEFINITIONS = (
					"DEBUG=1",
					"$(inherited)",
				);
				GCC_WARN_64_TO_32_BIT_CONVERSION = YES;
				GCC_WARN_ABOUT_RETURN_TYPE = YES_ERROR;
				GCC_WARN_UNDECLARED_SELECTOR = YES;
				GCC_WARN_UNINITIALIZED_AUTOS = YES_AGGRESSIVE;
				GCC_WARN_UNUSED_FUNCTION = YES;
				GCC_WARN_UNUSED_VARIABLE = YES;
				IPHONEOS_DEPLOYMENT_TARGET = 26.2;
				LOCALIZATION_PREFERS_STRING_CATALOGS = YES;
				MTL_ENABLE_DEBUG_INFO = INCLUDE_SOURCE;
				MTL_FAST_MATH = YES;
				ONLY_ACTIVE_ARCH = YES;
				SDKROOT = iphoneos;
				SWIFT_ACTIVE_COMPILATION_CONDITIONS = "DEBUG $(inherited)";
				SWIFT_OPTIMIZATION_LEVEL = "-Onone";
			};
			name = Debug;
		};
		B6FAA47A2F14423F0063A7CD /* Release */ = {
			isa = XCBuildConfiguration;
			buildSettings = {
				ALWAYS_SEARCH_USER_PATHS = NO;
				ASSETCATALOG_COMPILER_GENERATE_SWIFT_ASSET_SYMBOL_EXTENSIONS = YES;
				CLANG_ANALYZER_NONNULL = YES;
				CLANG_ANALYZER_NUMBER_OBJECT_CONVERSION = YES_AGGRESSIVE;
				CLANG_CXX_LANGUAGE_STANDARD = "gnu++20";
				CLANG_ENABLE_MODULES = YES;
				CLANG_ENABLE_OBJC_ARC = YES;
				CLANG_ENABLE_OBJC_WEAK = YES;
				CLANG_WARN_BLOCK_CAPTURE_AUTORELEASING = YES;
				CLANG_WARN_BOOL_CONVERSION = YES;
				CLANG_WARN_COMMA = YES;
				CLANG_WARN_CONSTANT_CONVERSION = YES;
				CLANG_WARN_DEPRECATED_OBJC_IMPLEMENTATIONS = YES;
				CLANG_WARN_DIRECT_OBJC_ISA_USAGE = YES_ERROR;
				CLANG_WARN_DOCUMENTATION_COMMENTS = YES;
				CLANG_WARN_EMPTY_BODY = YES;
				CLANG_WARN_ENUM_CONVERSION = YES;
				CLANG_WARN_INFINITE_RECURSION = YES;
				CLANG_WARN_INT_CONVERSION = YES;
				CLANG_WARN_NON_LITERAL_NULL_CONVERSION = YES;
				CLANG_WARN_OBJC_IMPLICIT_RETAIN_SELF = YES;
				CLANG_WARN_OBJC_LITERAL_CONVERSION = YES;
				CLANG_WARN_OBJC_ROOT_CLASS = YES_ERROR;
				CLANG_WARN_QUOTED_INCLUDE_IN_FRAMEWORK_HEADER = YES;
				CLANG_WARN_RANGE_LOOP_ANALYSIS = YES;
				CLANG_WARN_STRICT_PROTOTYPES = YES;
				CLANG_WARN_SUSPICIOUS_MOVE = YES;
				CLANG_WARN_UNGUARDED_AVAILABILITY = YES_AGGRESSIVE;
				CLANG_WARN_UNREACHABLE_CODE = YES;
				CLANG_WARN__DUPLICATE_METHOD_MATCH = YES;
				COPY_PHASE_STRIP = NO;
				DEBUG_INFORMATION_FORMAT = "dwarf-with-dsym";
				ENABLE_NS_ASSERTIONS = NO;
				ENABLE_STRICT_OBJC_MSGSEND = YES;
				ENABLE_USER_SCRIPT_SANDBOXING = YES;
				GCC_C_LANGUAGE_STANDARD = gnu17;
				GCC_NO_COMMON_BLOCKS = YES;
				GCC_WARN_64_TO_32_BIT_CONVERSION = YES;
				GCC_WARN_ABOUT_RETURN_TYPE = YES_ERROR;
				GCC_WARN_UNDECLARED_SELECTOR = YES;
				GCC_WARN_UNINITIALIZED_AUTOS = YES_AGGRESSIVE;
				GCC_WARN_UNUSED_FUNCTION = YES;
				GCC_WARN_UNUSED_VARIABLE = YES;
				IPHONEOS_DEPLOYMENT_TARGET = 26.2;
				LOCALIZATION_PREFERS_STRING_CATALOGS = YES;
				MTL_ENABLE_DEBUG_INFO = NO;
				MTL_FAST_MATH = YES;
				SDKROOT = iphoneos;
				SWIFT_COMPILATION_MODE = wholemodule;
				VALIDATE_PRODUCT = YES;
			};
			name = Release;
		};
		B6FAA47C2F14423F0063A7CD /* Debug */ = {
			isa = XCBuildConfiguration;
			buildSettings = {
				ASSETCATALOG_COMPILER_APPICON_NAME = AppIcon;
				ASSETCATALOG_COMPILER_GLOBAL_ACCENT_COLOR_NAME = AccentColor;
				ASSETCATALOG_COMPILER_INCLUDE_ALL_APPICON_ASSETS = YES;
				CODE_SIGN_ALLOW_ENTITLEMENTS_MODIFICATION = YES;
				CODE_SIGN_ENTITLEMENTS = "SmallBiz Workspace/SmallBiz Workspace.entitlements";
				CODE_SIGN_IDENTITY = "Apple Development";
				CODE_SIGN_STYLE = Automatic;
				CURRENT_PROJECT_VERSION = 6.1;
				DEVELOPMENT_TEAM = 4KZN2PWJUF;
				ENABLE_PREVIEWS = YES;
				GENERATE_INFOPLIST_FILE = YES;
				INFOPLIST_FILE = "SmallBiz-Workspace-Info.plist";
				INFOPLIST_KEY_CFBundleDisplayName = "SmallBiz Workspace";
				INFOPLIST_KEY_LSApplicationCategoryType = "public.app-category.business";
				INFOPLIST_KEY_NSContactsUsageDescription = "SmallBiz Workspace uses your contacts to quickly import client details.";
				INFOPLIST_KEY_PORTAL_ADMIN_KEY = "$(PORTAL_ADMIN_KEY)";
				INFOPLIST_KEY_UIApplicationSceneManifest_Generation = YES;
				INFOPLIST_KEY_UIApplicationSupportsIndirectInputEvents = YES;
				INFOPLIST_KEY_UILaunchScreen_Generation = YES;
				INFOPLIST_KEY_UILaunchStoryboardName = LaunchScreen;
				INFOPLIST_KEY_UIStatusBarStyle = UIStatusBarStyleDefault;
				INFOPLIST_KEY_UISupportedInterfaceOrientations_iPad = "UIInterfaceOrientationPortrait UIInterfaceOrientationPortraitUpsideDown UIInterfaceOrientationLandscapeLeft UIInterfaceOrientationLandscapeRight";
				INFOPLIST_KEY_UISupportedInterfaceOrientations_iPhone = "UIInterfaceOrientationPortrait UIInterfaceOrientationLandscapeLeft UIInterfaceOrientationLandscapeRight";
				IPHONEOS_DEPLOYMENT_TARGET = 17.6;
				LD_RUNPATH_SEARCH_PATHS = (
					"$(inherited)",
					"@executable_path/Frameworks",
				);
				MARKETING_VERSION = 1.0;
				PORTAL_ADMIN_KEY = 423894ae41a2929815c724338bf6f5aec93fd55fbdaf824d35195d227aa61de8;
				PRODUCT_BUNDLE_IDENTIFIER = "com.javonfreeman.smallbizworkspace-";
				PRODUCT_NAME = SmallBizWorkspace;
				PROVISIONING_PROFILE_SPECIFIER = "";
				STRING_CATALOG_GENERATE_SYMBOLS = YES;
				SWIFT_APPROACHABLE_CONCURRENCY = YES;
				SWIFT_DEFAULT_ACTOR_ISOLATION = MainActor;
				SWIFT_EMIT_LOC_STRINGS = YES;
				SWIFT_UPCOMING_FEATURE_MEMBER_IMPORT_VISIBILITY = YES;
				SWIFT_VERSION = 5.0;
				TARGETED_DEVICE_FAMILY = "1,2";
			};
			name = Debug;
		};
		B6FAA47D2F14423F0063A7CD /* Release */ = {
			isa = XCBuildConfiguration;
			buildSettings = {
				ASSETCATALOG_COMPILER_APPICON_NAME = AppIcon;
				ASSETCATALOG_COMPILER_GLOBAL_ACCENT_COLOR_NAME = AccentColor;
				ASSETCATALOG_COMPILER_INCLUDE_ALL_APPICON_ASSETS = YES;
				CODE_SIGN_ALLOW_ENTITLEMENTS_MODIFICATION = YES;
				CODE_SIGN_ENTITLEMENTS = "SmallBiz Workspace/SmallBiz Workspace.entitlements";
				CODE_SIGN_IDENTITY = "Apple Development";
				CODE_SIGN_STYLE = Automatic;
				CURRENT_PROJECT_VERSION = 6.1;
				DEVELOPMENT_TEAM = 4KZN2PWJUF;
				ENABLE_PREVIEWS = YES;
				GENERATE_INFOPLIST_FILE = YES;
				INFOPLIST_FILE = "SmallBiz-Workspace-Info.plist";
				INFOPLIST_KEY_CFBundleDisplayName = "SmallBiz Workspace";
				INFOPLIST_KEY_LSApplicationCategoryType = "public.app-category.business";
				INFOPLIST_KEY_NSContactsUsageDescription = "SmallBiz Workspace uses your contacts to quickly import client details.";
				INFOPLIST_KEY_PORTAL_ADMIN_KEY = "$(PORTAL_ADMIN_KEY)";
				INFOPLIST_KEY_UIApplicationSceneManifest_Generation = YES;
				INFOPLIST_KEY_UIApplicationSupportsIndirectInputEvents = YES;
				INFOPLIST_KEY_UILaunchScreen_Generation = YES;
				INFOPLIST_KEY_UILaunchStoryboardName = LaunchScreen;
				INFOPLIST_KEY_UIStatusBarStyle = UIStatusBarStyleDefault;
				INFOPLIST_KEY_UISupportedInterfaceOrientations_iPad = "UIInterfaceOrientationPortrait UIInterfaceOrientationPortraitUpsideDown UIInterfaceOrientationLandscapeLeft UIInterfaceOrientationLandscapeRight";
				INFOPLIST_KEY_UISupportedInterfaceOrientations_iPhone = "UIInterfaceOrientationPortrait UIInterfaceOrientationLandscapeLeft UIInterfaceOrientationLandscapeRight";
				IPHONEOS_DEPLOYMENT_TARGET = 17.6;
				LD_RUNPATH_SEARCH_PATHS = (
					"$(inherited)",
					"@executable_path/Frameworks",
				);
				MARKETING_VERSION = 1.0;
				PORTAL_ADMIN_KEY = 423894ae41a2929815c724338bf6f5aec93fd55fbdaf824d35195d227aa61de8;
				PRODUCT_BUNDLE_IDENTIFIER = "com.javonfreeman.smallbizworkspace-";
				PRODUCT_NAME = SmallBizWorkspace;
				PROVISIONING_PROFILE_SPECIFIER = "";
				STRING_CATALOG_GENERATE_SYMBOLS = YES;
				SWIFT_APPROACHABLE_CONCURRENCY = YES;
				SWIFT_DEFAULT_ACTOR_ISOLATION = MainActor;
				SWIFT_EMIT_LOC_STRINGS = YES;
				SWIFT_UPCOMING_FEATURE_MEMBER_IMPORT_VISIBILITY = YES;
				SWIFT_VERSION = 5.0;
				TARGETED_DEVICE_FAMILY = "1,2";
			};
			name = Release;
		};
		B7A00000000000000000000A /* Debug */ = {
			isa = XCBuildConfiguration;
			buildSettings = {
				ALWAYS_SEARCH_USER_PATHS = NO;
				BUNDLE_LOADER = "$(TEST_HOST)";
				CLANG_ENABLE_MODULES = YES;
				CLANG_ENABLE_OBJC_ARC = YES;
				ENABLE_TESTABILITY = YES;
				GENERATE_INFOPLIST_FILE = YES;
				INFOPLIST_KEY_CFBundleDisplayName = SmallBizWorkspaceTests;
				IPHONEOS_DEPLOYMENT_TARGET = 26.2;
				PRODUCT_BUNDLE_IDENTIFIER = com.javonfreeman.smallbizworkspace.tests;
				PRODUCT_NAME = SmallBizWorkspaceTests;
				SWIFT_VERSION = 5.0;
				TEST_HOST = "$(BUILT_PRODUCTS_DIR)/SmallBizWorkspace.app/SmallBizWorkspace";
			};
			name = Debug;
		};
		B7A00000000000000000000B /* Release */ = {
			isa = XCBuildConfiguration;
			buildSettings = {
				ALWAYS_SEARCH_USER_PATHS = NO;
				BUNDLE_LOADER = "$(TEST_HOST)";
				CLANG_ENABLE_MODULES = YES;
				CLANG_ENABLE_OBJC_ARC = YES;
				GENERATE_INFOPLIST_FILE = YES;
				INFOPLIST_KEY_CFBundleDisplayName = SmallBizWorkspaceTests;
				IPHONEOS_DEPLOYMENT_TARGET = 26.2;
				PRODUCT_BUNDLE_IDENTIFIER = com.javonfreeman.smallbizworkspace.tests;
				PRODUCT_NAME = SmallBizWorkspaceTests;
				SWIFT_VERSION = 5.0;
				TEST_HOST = "$(BUILT_PRODUCTS_DIR)/SmallBizWorkspace.app/SmallBizWorkspace";
			};
			name = Release;
		};
/* End XCBuildConfiguration section */

/* Begin XCConfigurationList section */
		B6FAA4692F14423E0063A7CD /* Build configuration list for PBXProject "SmallBizWorkspace" */ = {
			isa = XCConfigurationList;
			buildConfigurations = (
				B6FAA4792F14423F0063A7CD /* Debug */,
				B6FAA47A2F14423F0063A7CD /* Release */,
			);
			defaultConfigurationIsVisible = 0;
			defaultConfigurationName = Release;
		};
		B6FAA47B2F14423F0063A7CD /* Build configuration list for PBXNativeTarget "SmallBiz Workspace" */ = {
			isa = XCConfigurationList;
			buildConfigurations = (
				B6FAA47C2F14423F0063A7CD /* Debug */,
				B6FAA47D2F14423F0063A7CD /* Release */,
			);
			defaultConfigurationIsVisible = 0;
			defaultConfigurationName = Release;
		};
		B7A000000000000000000009 /* Build configuration list for PBXNativeTarget "SmallBizWorkspaceTests" */ = {
			isa = XCConfigurationList;
			buildConfigurations = (
				B7A00000000000000000000A /* Debug */,
				B7A00000000000000000000B /* Release */,
			);
			defaultConfigurationIsVisible = 0;
			defaultConfigurationName = Release;
		};
/* End XCConfigurationList section */

/* Begin XCRemoteSwiftPackageReference section */
		B6068C2F2F1A049600FE0A15 /* XCRemoteSwiftPackageReference "ZIPFoundation" */ = {
			isa = XCRemoteSwiftPackageReference;
			repositoryURL = "https://github.com/weichsel/ZIPFoundation";
			requirement = {
				kind = upToNextMajorVersion;
				minimumVersion = 0.9.20;
			};
		};
/* End XCRemoteSwiftPackageReference section */

/* Begin XCSwiftPackageProductDependency section */
		B6068C302F1A049600FE0A15 /* ZIPFoundation */ = {
			isa = XCSwiftPackageProductDependency;
			package = B6068C2F2F1A049600FE0A15 /* XCRemoteSwiftPackageReference "ZIPFoundation" */;
			productName = ZIPFoundation;
		};
/* End XCSwiftPackageProductDependency section */
	};
	rootObject = B6FAA4662F14423E0063A7CD /* Project object */;
}
